
Microsoft Visual Studio Solution File, Format Version 12.00
# Visual Studio 15
VisualStudioVersion = 15.0.28307.572
MinimumVisualStudioVersion = 10.0.40219.1
Project("{FAE04EC0-301F-11D3-BF4B-00C04F79EFBC}") = "WPFDemos", "WPFDemos\WPFDemos.csproj", "{F2BAB694-78D9-4F24-9E14-B6AB924DAE16}"
EndProject
Global
	GlobalSection(SolutionConfigurationPlatforms) = preSolution
		Debug|Any CPU = Debug|Any CPU
		Release|Any CPU = Release|Any CPU
	EndGlobalSection
	GlobalSection(ProjectConfigurationPlatforms) = postSolution
		{F2BAB694-78D9-4F24-9E14-B6AB924DAE16}.Debug|Any CPU.ActiveCfg = Debug|Any CPU
		{F2BAB694-78D9-4F24-9E14-B6AB924DAE16}.Debug|Any CPU.Build.0 = Debug|Any CPU
		{F2BAB694-78D9-4F24-9E14-B6AB924DAE16}.Release|Any CPU.ActiveCfg = Release|Any CPU
		{F2BAB694-78D9-4F24-9E14-B6AB924DAE16}.Release|Any CPU.Build.0 = Release|Any CPU
	EndGlobalSection
	GlobalSection(SolutionProperties) = preSolution
		HideSolutionNode = FALSE
	EndGlobalSection
	GlobalSection(ExtensibilityGlobals) = postSolution
		SolutionGuid = {55A24F2A-3C19-4AB7-8F1E-0E3A570955F5}
	EndGlobalSection
EndGlobal
